
Microsoft Visual Studio Solution File, Format Version 12.00
# Visual Studio Version 17
VisualStudioVersion = 17.3.32811.315
MinimumVisualStudioVersion = 10.0.40219.1
Project("{9A19103F-16F7-4668-BE54-9A1E7A4F7556}") = "UploadImageToDatabase", "UploadImageToDatabase\UploadImageToDatabase.csproj", "{63C28E13-9F45-4944-9467-05675BDF1FDC}"
EndProject
Project("{00D1A9C2-B5F0-4AF3-8072-F6C62B433612}") = "UploadImageDatabase", "UploadImageDatabase\UploadImageDatabase.sqlproj", "{629E08D8-F969-4F02-9162-5B853725C40B}"
EndProject
Project("{9A19103F-16F7-4668-BE54-9A1E7A4F7556}") = "DataAccess", "DataAccess\DataAccess.csproj", "{CA0FF099-6E75-456C-8116-9FCECA26E6A5}"
EndProject
Global
	GlobalSection(SolutionConfigurationPlatforms) = preSolution
		Debug|Any CPU = Debug|Any CPU
		Release|Any CPU = Release|Any CPU
	EndGlobalSection
	GlobalSection(ProjectConfigurationPlatforms) = postSolution
		{63C28E13-9F45-4944-9467-05675BDF1FDC}.Debug|Any CPU.ActiveCfg = Debug|Any CPU
		{63C28E13-9F45-4944-9467-05675BDF1FDC}.Debug|Any CPU.Build.0 = Debug|Any CPU
		{63C28E13-9F45-4944-9467-05675BDF1FDC}.Release|Any CPU.ActiveCfg = Release|Any CPU
		{63C28E13-9F45-4944-9467-05675BDF1FDC}.Release|Any CPU.Build.0 = Release|Any CPU
		{629E08D8-F969-4F02-9162-5B853725C40B}.Debug|Any CPU.ActiveCfg = Debug|Any CPU
		{629E08D8-F969-4F02-9162-5B853725C40B}.Debug|Any CPU.Build.0 = Debug|Any CPU
		{629E08D8-F969-4F02-9162-5B853725C40B}.Debug|Any CPU.Deploy.0 = Debug|Any CPU
		{629E08D8-F969-4F02-9162-5B853725C40B}.Release|Any CPU.ActiveCfg = Release|Any CPU
		{629E08D8-F969-4F02-9162-5B853725C40B}.Release|Any CPU.Build.0 = Release|Any CPU
		{629E08D8-F969-4F02-9162-5B853725C40B}.Release|Any CPU.Deploy.0 = Release|Any CPU
		{CA0FF099-6E75-456C-8116-9FCECA26E6A5}.Debug|Any CPU.ActiveCfg = Debug|Any CPU
		{CA0FF099-6E75-456C-8116-9FCECA26E6A5}.Debug|Any CPU.Build.0 = Debug|Any CPU
		{CA0FF099-6E75-456C-8116-9FCECA26E6A5}.Release|Any CPU.ActiveCfg = Release|Any CPU
		{CA0FF099-6E75-456C-8116-9FCECA26E6A5}.Release|Any CPU.Build.0 = Release|Any CPU
	EndGlobalSection
	GlobalSection(SolutionProperties) = preSolution
		HideSolutionNode = FALSE
	EndGlobalSection
	GlobalSection(ExtensibilityGlobals) = postSolution
		SolutionGuid = {F9614437-61B7-4B08-9A56-801F71FFB7A0}
	EndGlobalSection
EndGlobal
